<?xml version="1.0" encoding="utf-8"?>
<Project ToolsVersion="4.0" xmlns="http://schemas.microsoft.com/developer/msbuild/2003">
  <ItemGroup>
    <Filter Include="Source Files">
      <UniqueIdentifier>{4FC737F1-C7A5-4376-A066-2A32D752A2FF}</UniqueIdentifier>
      <Extensions>cpp;c;cc;cxx;def;odl;idl;hpj;bat;asm;asmx</Extensions>
    </Filter>
    <Filter Include="Header Files">
      <UniqueIdentifier>{93995380-89BD-4b04-88EB-625FBE52EBFB}</UniqueIdentifier>
      <Extensions>h;hh;hpp;hxx;hm;inl;inc;xsd</Extensions>
    </Filter>
    <Filter Include="Resource Files">
      <UniqueIdentifier>{67DA6AB6-F800-4c08-8B7A-83BB121AAD01}</UniqueIdentifier>
      <Extensions>rc;ico;cur;bmp;dlg;rc2;rct;bin;rgs;gif;jpg;jpeg;jpe;resx;tiff;tif;png;wav;mfcribbon-ms</Extensions>
    </Filter>
  </ItemGroup>
  <ItemGroup>
    <Text Include="ReadMe.txt" />
  </ItemGroup>
  <ItemGroup>
    <ClInclude Include="stdafx.h">
      <Filter>Header Files</Filter>
    </ClInclude>
    <ClInclude Include="targetver.h">
      <Filter>Header Files</Filter>
    </ClInclude>
    <ClInclude Include="MEPackage.h">
      <Filter>Header Files</Filter>
    </ClInclude>
    <ClInclude Include="MEPackageHeader.h">
      <Filter>Header Files</Filter>
    </ClInclude>
    <ClInclude Include="MEArchive.h">
      <Filter>Header Files</Filter>
    </ClInclude>
    <ClInclude Include="MEConstants.h">
      <Filter>Header Files</Filter>
    </ClInclude>
    <ClInclude Include="MEBasicTypes.h">
      <Filter>Header Files</Filter>
    </ClInclude>
    <ClInclude Include="MEPackageLib.h">
      <Filter>Header Files</Filter>
    </ClInclude>
    <ClInclude Include="MEComplexTypes.h">
      <Filter>Header Files</Filter>
    </ClInclude>
    <ClInclude Include="MEException.h">
      <Filter>Header Files</Filter>
    </ClInclude>
    <ClInclude Include="MEPackageGeneration.h">
      <Filter>Header Files</Filter>
    </ClInclude>
    <ClInclude Include="MECompressedChunkInfo.h">
      <Filter>Header Files</Filter>
    </ClInclude>
    <ClInclude Include="MECompression.h">
      <Filter>Header Files</Filter>
    </ClInclude>
    <ClInclude Include="MEFile.h">
      <Filter>Header Files</Filter>
    </ClInclude>
    <ClInclude Include="MEUtils.h">
      <Filter>Header Files</Filter>
    </ClInclude>
    <ClInclude Include="MEPackageLoader.h">
      <Filter>Header Files</Filter>
    </ClInclude>
    <ClInclude Include="MEExporter.h">
      <Filter>Header Files</Filter>
    </ClInclude>
    <ClInclude Include="MEExporterSQL.h">
      <Filter>Header Files</Filter>
    </ClInclude>
    <ClInclude Include="MEFPropertyTag.h">
      <Filter>Header Files</Filter>
    </ClInclude>
    <ClInclude Include="MEFName.h">
      <Filter>Header Files</Filter>
    </ClInclude>
    <ClInclude Include="MEUObject.h">
      <Filter>Header Files</Filter>
    </ClInclude>
    <ClInclude Include="MEUField.h">
      <Filter>Header Files</Filter>
    </ClInclude>
    <ClInclude Include="resource.h">
      <Filter>Header Files</Filter>
    </ClInclude>
    <ClInclude Include="MEUStruct.h">
      <Filter>Header Files</Filter>
    </ClInclude>
    <ClInclude Include="MEUFunction.h">
      <Filter>Header Files</Filter>
    </ClInclude>
    <ClInclude Include="MEFLinker.h">
      <Filter>Header Files</Filter>
    </ClInclude>
    <ClInclude Include="MEObjectIndex.h">
      <Filter>Header Files</Filter>
    </ClInclude>
    <ClInclude Include="MENameTableIndex.h">
      <Filter>Header Files</Filter>
    </ClInclude>
    <ClInclude Include="MEFlags.h">
      <Filter>Header Files</Filter>
    </ClInclude>
    <ClInclude Include="MEObjectFactory.h">
      <Filter>Header Files</Filter>
    </ClInclude>
  </ItemGroup>
  <ItemGroup>
    <ClCompile Include="stdafx.cpp">
      <Filter>Source Files</Filter>
    </ClCompile>
    <ClCompile Include="MEPackage.cpp">
      <Filter>Source Files</Filter>
    </ClCompile>
    <ClCompile Include="MEPackageHeader.cpp">
      <Filter>Source Files</Filter>
    </ClCompile>
    <ClCompile Include="MEArchive.cpp">
      <Filter>Source Files</Filter>
    </ClCompile>
    <ClCompile Include="MEComplexTypes.cpp">
      <Filter>Source Files</Filter>
    </ClCompile>
    <ClCompile Include="MEPackageGeneration.cpp">
      <Filter>Source Files</Filter>
    </ClCompile>
    <ClCompile Include="MECompressedChunkInfo.cpp">
      <Filter>Source Files</Filter>
    </ClCompile>
    <ClCompile Include="MECompression.cpp">
      <Filter>Source Files</Filter>
    </ClCompile>
    <ClCompile Include="MEFile.cpp">
      <Filter>Source Files</Filter>
    </ClCompile>
    <ClCompile Include="MEUtils.cpp">
      <Filter>Source Files</Filter>
    </ClCompile>
    <ClCompile Include="MEPackageLoader.cpp">
      <Filter>Source Files</Filter>
    </ClCompile>
    <ClCompile Include="MEExporter.cpp">
      <Filter>Source Files</Filter>
    </ClCompile>
    <ClCompile Include="MEExporterSQL.cpp">
      <Filter>Source Files</Filter>
    </ClCompile>
    <ClCompile Include="MEFPropertyTag.cpp">
      <Filter>Source Files</Filter>
    </ClCompile>
    <ClCompile Include="MEFName.cpp">
      <Filter>Source Files</Filter>
    </ClCompile>
    <ClCompile Include="MEUObject.cpp">
      <Filter>Source Files</Filter>
    </ClCompile>
    <ClCompile Include="MEUField.cpp">
      <Filter>Source Files</Filter>
    </ClCompile>
    <ClCompile Include="MEUStruct.cpp">
      <Filter>Source Files</Filter>
    </ClCompile>
    <ClCompile Include="MEUFunction.cpp">
      <Filter>Source Files</Filter>
    </ClCompile>
    <ClCompile Include="MEFLinker.cpp">
      <Filter>Source Files</Filter>
    </ClCompile>
    <ClCompile Include="MEObjectIndex.cpp">
      <Filter>Source Files</Filter>
    </ClCompile>
    <ClCompile Include="MENameTableIndex.cpp">
      <Filter>Source Files</Filter>
    </ClCompile>
    <ClCompile Include="MEFlags.cpp">
      <Filter>Source Files</Filter>
    </ClCompile>
    <ClCompile Include="MEObjectFactory.cpp">
      <Filter>Source Files</Filter>
    </ClCompile>
  </ItemGroup>
</Project>